
Microsoft Visual Studio Solution File, Format Version 12.00
# Visual Studio Version 16
VisualStudioVersion = 16.0.31205.134
MinimumVisualStudioVersion = 10.0.40219.1
Project("{FAE04EC0-301F-11D3-BF4B-00C04F79EFBC}") = "CapstoneIndividualAPI", "CapstoneIndividualAPI\CapstoneIndividualAPI.csproj", "{84530EEC-2143-46F2-988F-2A00FEED0305}"
EndProject
Global
	GlobalSection(SolutionConfigurationPlatforms) = preSolution
		Debug|Any CPU = Debug|Any CPU
		Release|Any CPU = Release|Any CPU
	EndGlobalSection
	GlobalSection(ProjectConfigurationPlatforms) = postSolution
		{84530EEC-2143-46F2-988F-2A00FEED0305}.Debug|Any CPU.ActiveCfg = Debug|Any CPU
		{84530EEC-2143-46F2-988F-2A00FEED0305}.Debug|Any CPU.Build.0 = Debug|Any CPU
		{84530EEC-2143-46F2-988F-2A00FEED0305}.Release|Any CPU.ActiveCfg = Release|Any CPU
		{84530EEC-2143-46F2-988F-2A00FEED0305}.Release|Any CPU.Build.0 = Release|Any CPU
	EndGlobalSection
	GlobalSection(SolutionProperties) = preSolution
		HideSolutionNode = FALSE
	EndGlobalSection
	GlobalSection(ExtensibilityGlobals) = postSolution
		SolutionGuid = {D5C1E70C-D459-4173-92CB-6081FFE20086}
	EndGlobalSection
EndGlobal
